
Microsoft Visual Studio Solution File, Format Version 12.00
# Visual Studio Version 17
VisualStudioVersion = 17.4.33110.190
MinimumVisualStudioVersion = 10.0.40219.1
Project("{9A19103F-16F7-4668-BE54-9A1E7A4F7556}") = "WebApi", "WebApi\WebApi.csproj", "{B089DFEF-61D5-47DF-B384-18DD5C0A5499}"
EndProject
Project("{2150E333-8FDC-42A3-9474-1A3956D46DE8}") = "Элементы решения", "Элементы решения", "{E20F25E3-8870-4F83-9DB0-6AD3B003B78B}"
	ProjectSection(SolutionItems) = preProject
		.dockerignore = .dockerignore
		.gitignore = .gitignore
		docker-compose.yaml = docker-compose.yaml
		Dockerfile = Dockerfile
		Readme.md = Readme.md
		start.bat = start.bat
	EndProjectSection
EndProject
Project("{9A19103F-16F7-4668-BE54-9A1E7A4F7556}") = "Entities", "Entities\Entities.csproj", "{659850FA-2FAB-45B2-8C7C-8A63D249A2ED}"
EndProject
Project("{9A19103F-16F7-4668-BE54-9A1E7A4F7556}") = "Dal", "Dal\Dal.csproj", "{E239C6BF-5789-41CF-ABCD-E601841839D5}"
EndProject
Project("{9A19103F-16F7-4668-BE54-9A1E7A4F7556}") = "BL", "BL\BL.csproj", "{36A0C540-C925-4C67-9021-4B85F3D8496F}"
EndProject
Project("{FAE04EC0-301F-11D3-BF4B-00C04F79EFBC}") = "Core", "Core\Core.csproj", "{E4117ADB-0BAA-4816-AD67-E8051CA71AEC}"
EndProject
Global
	GlobalSection(SolutionConfigurationPlatforms) = preSolution
		Debug|Any CPU = Debug|Any CPU
		Release|Any CPU = Release|Any CPU
	EndGlobalSection
	GlobalSection(ProjectConfigurationPlatforms) = postSolution
		{B089DFEF-61D5-47DF-B384-18DD5C0A5499}.Debug|Any CPU.ActiveCfg = Debug|Any CPU
		{B089DFEF-61D5-47DF-B384-18DD5C0A5499}.Debug|Any CPU.Build.0 = Debug|Any CPU
		{B089DFEF-61D5-47DF-B384-18DD5C0A5499}.Release|Any CPU.ActiveCfg = Release|Any CPU
		{B089DFEF-61D5-47DF-B384-18DD5C0A5499}.Release|Any CPU.Build.0 = Release|Any CPU
		{659850FA-2FAB-45B2-8C7C-8A63D249A2ED}.Debug|Any CPU.ActiveCfg = Debug|Any CPU
		{659850FA-2FAB-45B2-8C7C-8A63D249A2ED}.Debug|Any CPU.Build.0 = Debug|Any CPU
		{659850FA-2FAB-45B2-8C7C-8A63D249A2ED}.Release|Any CPU.ActiveCfg = Release|Any CPU
		{659850FA-2FAB-45B2-8C7C-8A63D249A2ED}.Release|Any CPU.Build.0 = Release|Any CPU
		{E239C6BF-5789-41CF-ABCD-E601841839D5}.Debug|Any CPU.ActiveCfg = Debug|Any CPU
		{E239C6BF-5789-41CF-ABCD-E601841839D5}.Debug|Any CPU.Build.0 = Debug|Any CPU
		{E239C6BF-5789-41CF-ABCD-E601841839D5}.Release|Any CPU.ActiveCfg = Release|Any CPU
		{E239C6BF-5789-41CF-ABCD-E601841839D5}.Release|Any CPU.Build.0 = Release|Any CPU
		{36A0C540-C925-4C67-9021-4B85F3D8496F}.Debug|Any CPU.ActiveCfg = Debug|Any CPU
		{36A0C540-C925-4C67-9021-4B85F3D8496F}.Debug|Any CPU.Build.0 = Debug|Any CPU
		{36A0C540-C925-4C67-9021-4B85F3D8496F}.Release|Any CPU.ActiveCfg = Release|Any CPU
		{36A0C540-C925-4C67-9021-4B85F3D8496F}.Release|Any CPU.Build.0 = Release|Any CPU
		{E4117ADB-0BAA-4816-AD67-E8051CA71AEC}.Debug|Any CPU.ActiveCfg = Debug|Any CPU
		{E4117ADB-0BAA-4816-AD67-E8051CA71AEC}.Debug|Any CPU.Build.0 = Debug|Any CPU
		{E4117ADB-0BAA-4816-AD67-E8051CA71AEC}.Release|Any CPU.ActiveCfg = Release|Any CPU
		{E4117ADB-0BAA-4816-AD67-E8051CA71AEC}.Release|Any CPU.Build.0 = Release|Any CPU
	EndGlobalSection
	GlobalSection(SolutionProperties) = preSolution
		HideSolutionNode = FALSE
	EndGlobalSection
	GlobalSection(ExtensibilityGlobals) = postSolution
		SolutionGuid = {AA57E486-6C98-465A-ABF2-A3D9D8233CEA}
	EndGlobalSection
EndGlobal
